
Microsoft Visual Studio Solution File, Format Version 12.00
# Visual Studio Version 16
VisualStudioVersion = 16.0.29613.14
MinimumVisualStudioVersion = 10.0.40219.1
Project("{FAE04EC0-301F-11D3-BF4B-00C04F79EFBC}") = "DotNetDemo-AWS-EBS", "DotNetDemo-AWS-EBS.csproj", "{8DB47BF8-349C-4878-8039-24F5AA5FACFC}"
EndProject
Global
	GlobalSection(SolutionConfigurationPlatforms) = preSolution
		Debug|Any CPU = Debug|Any CPU
		Release|Any CPU = Release|Any CPU
	EndGlobalSection
	GlobalSection(ProjectConfigurationPlatforms) = postSolution
		{8DB47BF8-349C-4878-8039-24F5AA5FACFC}.Debug|Any CPU.ActiveCfg = Debug|Any CPU
		{8DB47BF8-349C-4878-8039-24F5AA5FACFC}.Debug|Any CPU.Build.0 = Debug|Any CPU
		{8DB47BF8-349C-4878-8039-24F5AA5FACFC}.Release|Any CPU.ActiveCfg = Release|Any CPU
		{8DB47BF8-349C-4878-8039-24F5AA5FACFC}.Release|Any CPU.Build.0 = Release|Any CPU
	EndGlobalSection
	GlobalSection(SolutionProperties) = preSolution
		HideSolutionNode = FALSE
	EndGlobalSection
	GlobalSection(ExtensibilityGlobals) = postSolution
		SolutionGuid = {E463CB92-70B4-4903-9C03-8B07CAE6F7C4}
	EndGlobalSection
EndGlobal
